{
  "name": "jatoja123.github.io",
  "lockfileVersion": 2,
  "requires": true,
  "packages": {
    "": {
      "dependencies": {
        "clipboard": "^2.0.8"
      }
    },
    "node_modules/clipboard": {
      "version": "2.0.8",
      "license": "MIT",
      "dependencies": {
        "good-listener": "^1.2.2",
        "select": "^1.1.2",
        "tiny-emitter": "^2.0.0"
      }
    },
    "node_modules/delegate": {
      "version": "3.2.0",
      "license": "MIT"
    },
    "node_modules/good-listener": {
      "version": "1.2.2",
      "license": "MIT",
      "dependencies": {
        "delegate": "^3.1.2"
      }
    },
    "node_modules/select": {
      "version": "1.1.2",
      "license": "MIT"
    },
    "node_modules/tiny-emitter": {
      "version": "2.1.0",
      "license": "MIT"
    }
  },
  "dependencies": {
    "clipboard": {
      "version": "2.0.8",
      "requires": {
        "good-listener": "^1.2.2",
        "select": "^1.1.2",
        "tiny-emitter": "^2.0.0"
      }
    },
    "delegate": {
      "version": "3.2.0"
    },
    "good-listener": {
      "version": "1.2.2",
      "requires": {
        "delegate": "^3.1.2"
      }
    },
    "select": {
      "version": "1.1.2"
    },
    "tiny-emitter": {
      "version": "2.1.0"
    }
  }
}
